
Microsoft Visual Studio Solution File, Format Version 12.00
# Visual Studio 15
VisualStudioVersion = 15.0.28307.168
MinimumVisualStudioVersion = 10.0.40219.1
Project("{FAE04EC0-301F-11D3-BF4B-00C04F79EFBC}") = "SquirrelTester", "SquirrelTester\SquirrelTester.csproj", "{C15620CB-B022-48E9-9DF0-D87A743AC1BD}"
EndProject
Global
	GlobalSection(SolutionConfigurationPlatforms) = preSolution
		Debug|Any CPU = Debug|Any CPU
		Release|Any CPU = Release|Any CPU
	EndGlobalSection
	GlobalSection(ProjectConfigurationPlatforms) = postSolution
		{C15620CB-B022-48E9-9DF0-D87A743AC1BD}.Debug|Any CPU.ActiveCfg = Debug|Any CPU
		{C15620CB-B022-48E9-9DF0-D87A743AC1BD}.Debug|Any CPU.Build.0 = Debug|Any CPU
		{C15620CB-B022-48E9-9DF0-D87A743AC1BD}.Release|Any CPU.ActiveCfg = Release|Any CPU
		{C15620CB-B022-48E9-9DF0-D87A743AC1BD}.Release|Any CPU.Build.0 = Release|Any CPU
	EndGlobalSection
	GlobalSection(SolutionProperties) = preSolution
		HideSolutionNode = FALSE
	EndGlobalSection
	GlobalSection(ExtensibilityGlobals) = postSolution
		SolutionGuid = {48793AA5-C7B4-4F46-ACEB-69685AD7B255}
	EndGlobalSection
EndGlobal
